
Microsoft Visual Studio Solution File, Format Version 12.00
# Visual Studio 15
VisualStudioVersion = 15.0.27130.2010
MinimumVisualStudioVersion = 10.0.40219.1
Project("{FAE04EC0-301F-11D3-BF4B-00C04F79EFBC}") = "Http_Post.Android", "Http_Post\Http_Post.Android\Http_Post.Android.csproj", "{2F5A0D41-D8A9-4582-991E-BE5ED6D4283B}"
EndProject
Project("{FAE04EC0-301F-11D3-BF4B-00C04F79EFBC}") = "Http_Post.iOS", "Http_Post\Http_Post.iOS\Http_Post.iOS.csproj", "{5F0C1F33-C185-4500-9D37-7D20E792550C}"
EndProject
Project("{FAE04EC0-301F-11D3-BF4B-00C04F79EFBC}") = "Http_Post.UWP", "Http_Post\Http_Post.UWP\Http_Post.UWP.csproj", "{05CB8975-6077-4799-A6BE-57E5640F9E66}"
EndProject
Project("{FAE04EC0-301F-11D3-BF4B-00C04F79EFBC}") = "Http_Post", "Http_Post\Http_Post\Http_Post.csproj", "{92974B09-E033-413F-86CD-AE0B58AD4B18}"
EndProject
Global
	GlobalSection(SolutionConfigurationPlatforms) = preSolution
		Ad-Hoc|Any CPU = Ad-Hoc|Any CPU
		Ad-Hoc|ARM = Ad-Hoc|ARM
		Ad-Hoc|iPhone = Ad-Hoc|iPhone
		Ad-Hoc|iPhoneSimulator = Ad-Hoc|iPhoneSimulator
		Ad-Hoc|x64 = Ad-Hoc|x64
		Ad-Hoc|x86 = Ad-Hoc|x86
		AppStore|Any CPU = AppStore|Any CPU
		AppStore|ARM = AppStore|ARM
		AppStore|iPhone = AppStore|iPhone
		AppStore|iPhoneSimulator = AppStore|iPhoneSimulator
		AppStore|x64 = AppStore|x64
		AppStore|x86 = AppStore|x86
		Debug|Any CPU = Debug|Any CPU
		Debug|ARM = Debug|ARM
		Debug|iPhone = Debug|iPhone
		Debug|iPhoneSimulator = Debug|iPhoneSimulator
		Debug|x64 = Debug|x64
		Debug|x86 = Debug|x86
		Release|Any CPU = Release|Any CPU
		Release|ARM = Release|ARM
		Release|iPhone = Release|iPhone
		Release|iPhoneSimulator = Release|iPhoneSimulator
		Release|x64 = Release|x64
		Release|x86 = Release|x86
	EndGlobalSection
	GlobalSection(ProjectConfigurationPlatforms) = postSolution
		{2F5A0D41-D8A9-4582-991E-BE5ED6D4283B}.Ad-Hoc|Any CPU.ActiveCfg = Release|Any CPU
		{2F5A0D41-D8A9-4582-991E-BE5ED6D4283B}.Ad-Hoc|Any CPU.Build.0 = Release|Any CPU
		{2F5A0D41-D8A9-4582-991E-BE5ED6D4283B}.Ad-Hoc|Any CPU.Deploy.0 = Release|Any CPU
		{2F5A0D41-D8A9-4582-991E-BE5ED6D4283B}.Ad-Hoc|ARM.ActiveCfg = Release|Any CPU
		{2F5A0D41-D8A9-4582-991E-BE5ED6D4283B}.Ad-Hoc|ARM.Build.0 = Release|Any CPU
		{2F5A0D41-D8A9-4582-991E-BE5ED6D4283B}.Ad-Hoc|ARM.Deploy.0 = Release|Any CPU
		{2F5A0D41-D8A9-4582-991E-BE5ED6D4283B}.Ad-Hoc|iPhone.ActiveCfg = Release|Any CPU
		{2F5A0D41-D8A9-4582-991E-BE5ED6D4283B}.Ad-Hoc|iPhone.Build.0 = Release|Any CPU
		{2F5A0D41-D8A9-4582-991E-BE5ED6D4283B}.Ad-Hoc|iPhone.Deploy.0 = Release|Any CPU
		{2F5A0D41-D8A9-4582-991E-BE5ED6D4283B}.Ad-Hoc|iPhoneSimulator.ActiveCfg = Release|Any CPU
		{2F5A0D41-D8A9-4582-991E-BE5ED6D4283B}.Ad-Hoc|iPhoneSimulator.Build.0 = Release|Any CPU
		{2F5A0D41-D8A9-4582-991E-BE5ED6D4283B}.Ad-Hoc|iPhoneSimulator.Deploy.0 = Release|Any CPU
		{2F5A0D41-D8A9-4582-991E-BE5ED6D4283B}.Ad-Hoc|x64.ActiveCfg = Release|Any CPU
		{2F5A0D41-D8A9-4582-991E-BE5ED6D4283B}.Ad-Hoc|x64.Build.0 = Release|Any CPU
		{2F5A0D41-D8A9-4582-991E-BE5ED6D4283B}.Ad-Hoc|x64.Deploy.0 = Release|Any CPU
		{2F5A0D41-D8A9-4582-991E-BE5ED6D4283B}.Ad-Hoc|x86.ActiveCfg = Release|Any CPU
		{2F5A0D41-D8A9-4582-991E-BE5ED6D4283B}.Ad-Hoc|x86.Build.0 = Release|Any CPU
		{2F5A0D41-D8A9-4582-991E-BE5ED6D4283B}.Ad-Hoc|x86.Deploy.0 = Release|Any CPU
		{2F5A0D41-D8A9-4582-991E-BE5ED6D4283B}.AppStore|Any CPU.ActiveCfg = Release|Any CPU
		{2F5A0D41-D8A9-4582-991E-BE5ED6D4283B}.AppStore|Any CPU.Build.0 = Release|Any CPU
		{2F5A0D41-D8A9-4582-991E-BE5ED6D4283B}.AppStore|Any CPU.Deploy.0 = Release|Any CPU
		{2F5A0D41-D8A9-4582-991E-BE5ED6D4283B}.AppStore|ARM.ActiveCfg = Release|Any CPU
		{2F5A0D41-D8A9-4582-991E-BE5ED6D4283B}.AppStore|ARM.Build.0 = Release|Any CPU
		{2F5A0D41-D8A9-4582-991E-BE5ED6D4283B}.AppStore|ARM.Deploy.0 = Release|Any CPU
		{2F5A0D41-D8A9-4582-991E-BE5ED6D4283B}.AppStore|iPhone.ActiveCfg = Release|Any CPU
		{2F5A0D41-D8A9-4582-991E-BE5ED6D4283B}.AppStore|iPhone.Build.0 = Release|Any CPU
		{2F5A0D41-D8A9-4582-991E-BE5ED6D4283B}.AppStore|iPhone.Deploy.0 = Release|Any CPU
		{2F5A0D41-D8A9-4582-991E-BE5ED6D4283B}.AppStore|iPhoneSimulator.ActiveCfg = Release|Any CPU
		{2F5A0D41-D8A9-4582-991E-BE5ED6D4283B}.AppStore|iPhoneSimulator.Build.0 = Release|Any CPU
		{2F5A0D41-D8A9-4582-991E-BE5ED6D4283B}.AppStore|iPhoneSimulator.Deploy.0 = Release|Any CPU
		{2F5A0D41-D8A9-4582-991E-BE5ED6D4283B}.AppStore|x64.ActiveCfg = Release|Any CPU
		{2F5A0D41-D8A9-4582-991E-BE5ED6D4283B}.AppStore|x64.Build.0 = Release|Any CPU
		{2F5A0D41-D8A9-4582-991E-BE5ED6D4283B}.AppStore|x64.Deploy.0 = Release|Any CPU
		{2F5A0D41-D8A9-4582-991E-BE5ED6D4283B}.AppStore|x86.ActiveCfg = Release|Any CPU
		{2F5A0D41-D8A9-4582-991E-BE5ED6D4283B}.AppStore|x86.Build.0 = Release|Any CPU
		{2F5A0D41-D8A9-4582-991E-BE5ED6D4283B}.AppStore|x86.Deploy.0 = Release|Any CPU
		{2F5A0D41-D8A9-4582-991E-BE5ED6D4283B}.Debug|Any CPU.ActiveCfg = Debug|Any CPU
		{2F5A0D41-D8A9-4582-991E-BE5ED6D4283B}.Debug|Any CPU.Build.0 = Debug|Any CPU
		{2F5A0D41-D8A9-4582-991E-BE5ED6D4283B}.Debug|Any CPU.Deploy.0 = Debug|Any CPU
		{2F5A0D41-D8A9-4582-991E-BE5ED6D4283B}.Debug|ARM.ActiveCfg = Debug|Any CPU
		{2F5A0D41-D8A9-4582-991E-BE5ED6D4283B}.Debug|ARM.Build.0 = Debug|Any CPU
		{2F5A0D41-D8A9-4582-991E-BE5ED6D4283B}.Debug|ARM.Deploy.0 = Debug|Any CPU
		{2F5A0D41-D8A9-4582-991E-BE5ED6D4283B}.Debug|iPhone.ActiveCfg = Debug|Any CPU
		{2F5A0D41-D8A9-4582-991E-BE5ED6D4283B}.Debug|iPhone.Build.0 = Debug|Any CPU
		{2F5A0D41-D8A9-4582-991E-BE5ED6D4283B}.Debug|iPhone.Deploy.0 = Debug|Any CPU
		{2F5A0D41-D8A9-4582-991E-BE5ED6D4283B}.Debug|iPhoneSimulator.ActiveCfg = Debug|Any CPU
		{2F5A0D41-D8A9-4582-991E-BE5ED6D4283B}.Debug|iPhoneSimulator.Build.0 = Debug|Any CPU
		{2F5A0D41-D8A9-4582-991E-BE5ED6D4283B}.Debug|iPhoneSimulator.Deploy.0 = Debug|Any CPU
		{2F5A0D41-D8A9-4582-991E-BE5ED6D4283B}.Debug|x64.ActiveCfg = Debug|Any CPU
		{2F5A0D41-D8A9-4582-991E-BE5ED6D4283B}.Debug|x64.Build.0 = Debug|Any CPU
		{2F5A0D41-D8A9-4582-991E-BE5ED6D4283B}.Debug|x64.Deploy.0 = Debug|Any CPU
		{2F5A0D41-D8A9-4582-991E-BE5ED6D4283B}.Debug|x86.ActiveCfg = Debug|Any CPU
		{2F5A0D41-D8A9-4582-991E-BE5ED6D4283B}.Debug|x86.Build.0 = Debug|Any CPU
		{2F5A0D41-D8A9-4582-991E-BE5ED6D4283B}.Debug|x86.Deploy.0 = Debug|Any CPU
		{2F5A0D41-D8A9-4582-991E-BE5ED6D4283B}.Release|Any CPU.ActiveCfg = Release|Any CPU
		{2F5A0D41-D8A9-4582-991E-BE5ED6D4283B}.Release|Any CPU.Build.0 = Release|Any CPU
		{2F5A0D41-D8A9-4582-991E-BE5ED6D4283B}.Release|Any CPU.Deploy.0 = Release|Any CPU
		{2F5A0D41-D8A9-4582-991E-BE5ED6D4283B}.Release|ARM.ActiveCfg = Release|Any CPU
		{2F5A0D41-D8A9-4582-991E-BE5ED6D4283B}.Release|ARM.Build.0 = Release|Any CPU
		{2F5A0D41-D8A9-4582-991E-BE5ED6D4283B}.Release|ARM.Deploy.0 = Release|Any CPU
		{2F5A0D41-D8A9-4582-991E-BE5ED6D4283B}.Release|iPhone.ActiveCfg = Release|Any CPU
		{2F5A0D41-D8A9-4582-991E-BE5ED6D4283B}.Release|iPhone.Build.0 = Release|Any CPU
		{2F5A0D41-D8A9-4582-991E-BE5ED6D4283B}.Release|iPhone.Deploy.0 = Release|Any CPU
		{2F5A0D41-D8A9-4582-991E-BE5ED6D4283B}.Release|iPhoneSimulator.ActiveCfg = Release|Any CPU
		{2F5A0D41-D8A9-4582-991E-BE5ED6D4283B}.Release|iPhoneSimulator.Build.0 = Release|Any CPU
		{2F5A0D41-D8A9-4582-991E-BE5ED6D4283B}.Release|iPhoneSimulator.Deploy.0 = Release|Any CPU
		{2F5A0D41-D8A9-4582-991E-BE5ED6D4283B}.Release|x64.ActiveCfg = Release|Any CPU
		{2F5A0D41-D8A9-4582-991E-BE5ED6D4283B}.Release|x64.Build.0 = Release|Any CPU
		{2F5A0D41-D8A9-4582-991E-BE5ED6D4283B}.Release|x64.Deploy.0 = Release|Any CPU
		{2F5A0D41-D8A9-4582-991E-BE5ED6D4283B}.Release|x86.ActiveCfg = Release|Any CPU
		{2F5A0D41-D8A9-4582-991E-BE5ED6D4283B}.Release|x86.Build.0 = Release|Any CPU
		{2F5A0D41-D8A9-4582-991E-BE5ED6D4283B}.Release|x86.Deploy.0 = Release|Any CPU
		{5F0C1F33-C185-4500-9D37-7D20E792550C}.Ad-Hoc|Any CPU.ActiveCfg = Ad-Hoc|iPhone
		{5F0C1F33-C185-4500-9D37-7D20E792550C}.Ad-Hoc|ARM.ActiveCfg = Ad-Hoc|iPhone
		{5F0C1F33-C185-4500-9D37-7D20E792550C}.Ad-Hoc|iPhone.ActiveCfg = Ad-Hoc|iPhone
		{5F0C1F33-C185-4500-9D37-7D20E792550C}.Ad-Hoc|iPhone.Build.0 = Ad-Hoc|iPhone
		{5F0C1F33-C185-4500-9D37-7D20E792550C}.Ad-Hoc|iPhoneSimulator.ActiveCfg = Ad-Hoc|iPhoneSimulator
		{5F0C1F33-C185-4500-9D37-7D20E792550C}.Ad-Hoc|iPhoneSimulator.Build.0 = Ad-Hoc|iPhoneSimulator
		{5F0C1F33-C185-4500-9D37-7D20E792550C}.Ad-Hoc|x64.ActiveCfg = Ad-Hoc|iPhone
		{5F0C1F33-C185-4500-9D37-7D20E792550C}.Ad-Hoc|x86.ActiveCfg = Ad-Hoc|iPhone
		{5F0C1F33-C185-4500-9D37-7D20E792550C}.AppStore|Any CPU.ActiveCfg = AppStore|iPhone
		{5F0C1F33-C185-4500-9D37-7D20E792550C}.AppStore|ARM.ActiveCfg = AppStore|iPhone
		{5F0C1F33-C185-4500-9D37-7D20E792550C}.AppStore|iPhone.ActiveCfg = AppStore|iPhone
		{5F0C1F33-C185-4500-9D37-7D20E792550C}.AppStore|iPhone.Build.0 = AppStore|iPhone
		{5F0C1F33-C185-4500-9D37-7D20E792550C}.AppStore|iPhoneSimulator.ActiveCfg = AppStore|iPhoneSimulator
		{5F0C1F33-C185-4500-9D37-7D20E792550C}.AppStore|iPhoneSimulator.Build.0 = AppStore|iPhoneSimulator
		{5F0C1F33-C185-4500-9D37-7D20E792550C}.AppStore|x64.ActiveCfg = AppStore|iPhone
		{5F0C1F33-C185-4500-9D37-7D20E792550C}.AppStore|x86.ActiveCfg = AppStore|iPhone
		{5F0C1F33-C185-4500-9D37-7D20E792550C}.Debug|Any CPU.ActiveCfg = Debug|iPhone
		{5F0C1F33-C185-4500-9D37-7D20E792550C}.Debug|ARM.ActiveCfg = Debug|iPhone
		{5F0C1F33-C185-4500-9D37-7D20E792550C}.Debug|iPhone.ActiveCfg = Debug|iPhone
		{5F0C1F33-C185-4500-9D37-7D20E792550C}.Debug|iPhone.Build.0 = Debug|iPhone
		{5F0C1F33-C185-4500-9D37-7D20E792550C}.Debug|iPhoneSimulator.ActiveCfg = Debug|iPhoneSimulator
		{5F0C1F33-C185-4500-9D37-7D20E792550C}.Debug|iPhoneSimulator.Build.0 = Debug|iPhoneSimulator
		{5F0C1F33-C185-4500-9D37-7D20E792550C}.Debug|x64.ActiveCfg = Debug|iPhone
		{5F0C1F33-C185-4500-9D37-7D20E792550C}.Debug|x86.ActiveCfg = Debug|iPhone
		{5F0C1F33-C185-4500-9D37-7D20E792550C}.Release|Any CPU.ActiveCfg = Release|iPhone
		{5F0C1F33-C185-4500-9D37-7D20E792550C}.Release|ARM.ActiveCfg = Release|iPhone
		{5F0C1F33-C185-4500-9D37-7D20E792550C}.Release|iPhone.ActiveCfg = Release|iPhone
		{5F0C1F33-C185-4500-9D37-7D20E792550C}.Release|iPhone.Build.0 = Release|iPhone
		{5F0C1F33-C185-4500-9D37-7D20E792550C}.Release|iPhoneSimulator.ActiveCfg = Release|iPhoneSimulator
		{5F0C1F33-C185-4500-9D37-7D20E792550C}.Release|iPhoneSimulator.Build.0 = Release|iPhoneSimulator
		{5F0C1F33-C185-4500-9D37-7D20E792550C}.Release|x64.ActiveCfg = Release|iPhone
		{5F0C1F33-C185-4500-9D37-7D20E792550C}.Release|x86.ActiveCfg = Release|iPhone
		{05CB8975-6077-4799-A6BE-57E5640F9E66}.Ad-Hoc|Any CPU.ActiveCfg = Release|x86
		{05CB8975-6077-4799-A6BE-57E5640F9E66}.Ad-Hoc|Any CPU.Build.0 = Release|x86
		{05CB8975-6077-4799-A6BE-57E5640F9E66}.Ad-Hoc|Any CPU.Deploy.0 = Release|x86
		{05CB8975-6077-4799-A6BE-57E5640F9E66}.Ad-Hoc|ARM.ActiveCfg = Release|ARM
		{05CB8975-6077-4799-A6BE-57E5640F9E66}.Ad-Hoc|ARM.Build.0 = Release|ARM
		{05CB8975-6077-4799-A6BE-57E5640F9E66}.Ad-Hoc|ARM.Deploy.0 = Release|ARM
		{05CB8975-6077-4799-A6BE-57E5640F9E66}.Ad-Hoc|iPhone.ActiveCfg = Release|x86
		{05CB8975-6077-4799-A6BE-57E5640F9E66}.Ad-Hoc|iPhone.Build.0 = Release|x86
		{05CB8975-6077-4799-A6BE-57E5640F9E66}.Ad-Hoc|iPhone.Deploy.0 = Release|x86
		{05CB8975-6077-4799-A6BE-57E5640F9E66}.Ad-Hoc|iPhoneSimulator.ActiveCfg = Release|x86
		{05CB8975-6077-4799-A6BE-57E5640F9E66}.Ad-Hoc|iPhoneSimulator.Build.0 = Release|x86
		{05CB8975-6077-4799-A6BE-57E5640F9E66}.Ad-Hoc|iPhoneSimulator.Deploy.0 = Release|x86
		{05CB8975-6077-4799-A6BE-57E5640F9E66}.Ad-Hoc|x64.ActiveCfg = Release|x64
		{05CB8975-6077-4799-A6BE-57E5640F9E66}.Ad-Hoc|x64.Build.0 = Release|x64
		{05CB8975-6077-4799-A6BE-57E5640F9E66}.Ad-Hoc|x64.Deploy.0 = Release|x64
		{05CB8975-6077-4799-A6BE-57E5640F9E66}.Ad-Hoc|x86.ActiveCfg = Release|x86
		{05CB8975-6077-4799-A6BE-57E5640F9E66}.Ad-Hoc|x86.Build.0 = Release|x86
		{05CB8975-6077-4799-A6BE-57E5640F9E66}.Ad-Hoc|x86.Deploy.0 = Release|x86
		{05CB8975-6077-4799-A6BE-57E5640F9E66}.AppStore|Any CPU.ActiveCfg = Release|x86
		{05CB8975-6077-4799-A6BE-57E5640F9E66}.AppStore|Any CPU.Build.0 = Release|x86
		{05CB8975-6077-4799-A6BE-57E5640F9E66}.AppStore|Any CPU.Deploy.0 = Release|x86
		{05CB8975-6077-4799-A6BE-57E5640F9E66}.AppStore|ARM.ActiveCfg = Release|ARM
		{05CB8975-6077-4799-A6BE-57E5640F9E66}.AppStore|ARM.Build.0 = Release|ARM
		{05CB8975-6077-4799-A6BE-57E5640F9E66}.AppStore|ARM.Deploy.0 = Release|ARM
		{05CB8975-6077-4799-A6BE-57E5640F9E66}.AppStore|iPhone.ActiveCfg = Release|x86
		{05CB8975-6077-4799-A6BE-57E5640F9E66}.AppStore|iPhone.Build.0 = Release|x86
		{05CB8975-6077-4799-A6BE-57E5640F9E66}.AppStore|iPhone.Deploy.0 = Release|x86
		{05CB8975-6077-4799-A6BE-57E5640F9E66}.AppStore|iPhoneSimulator.ActiveCfg = Release|x86
		{05CB8975-6077-4799-A6BE-57E5640F9E66}.AppStore|iPhoneSimulator.Build.0 = Release|x86
		{05CB8975-6077-4799-A6BE-57E5640F9E66}.AppStore|iPhoneSimulator.Deploy.0 = Release|x86
		{05CB8975-6077-4799-A6BE-57E5640F9E66}.AppStore|x64.ActiveCfg = Release|x64
		{05CB8975-6077-4799-A6BE-57E5640F9E66}.AppStore|x64.Build.0 = Release|x64
		{05CB8975-6077-4799-A6BE-57E5640F9E66}.AppStore|x64.Deploy.0 = Release|x64
		{05CB8975-6077-4799-A6BE-57E5640F9E66}.AppStore|x86.ActiveCfg = Release|x86
		{05CB8975-6077-4799-A6BE-57E5640F9E66}.AppStore|x86.Build.0 = Release|x86
		{05CB8975-6077-4799-A6BE-57E5640F9E66}.AppStore|x86.Deploy.0 = Release|x86
		{05CB8975-6077-4799-A6BE-57E5640F9E66}.Debug|Any CPU.ActiveCfg = Debug|x86
		{05CB8975-6077-4799-A6BE-57E5640F9E66}.Debug|ARM.ActiveCfg = Debug|ARM
		{05CB8975-6077-4799-A6BE-57E5640F9E66}.Debug|ARM.Build.0 = Debug|ARM
		{05CB8975-6077-4799-A6BE-57E5640F9E66}.Debug|ARM.Deploy.0 = Debug|ARM
		{05CB8975-6077-4799-A6BE-57E5640F9E66}.Debug|iPhone.ActiveCfg = Debug|x86
		{05CB8975-6077-4799-A6BE-57E5640F9E66}.Debug|iPhoneSimulator.ActiveCfg = Debug|x86
		{05CB8975-6077-4799-A6BE-57E5640F9E66}.Debug|x64.ActiveCfg = Debug|x64
		{05CB8975-6077-4799-A6BE-57E5640F9E66}.Debug|x64.Build.0 = Debug|x64
		{05CB8975-6077-4799-A6BE-57E5640F9E66}.Debug|x64.Deploy.0 = Debug|x64
		{05CB8975-6077-4799-A6BE-57E5640F9E66}.Debug|x86.ActiveCfg = Debug|x86
		{05CB8975-6077-4799-A6BE-57E5640F9E66}.Debug|x86.Build.0 = Debug|x86
		{05CB8975-6077-4799-A6BE-57E5640F9E66}.Debug|x86.Deploy.0 = Debug|x86
		{05CB8975-6077-4799-A6BE-57E5640F9E66}.Release|Any CPU.ActiveCfg = Release|x86
		{05CB8975-6077-4799-A6BE-57E5640F9E66}.Release|ARM.ActiveCfg = Release|ARM
		{05CB8975-6077-4799-A6BE-57E5640F9E66}.Release|ARM.Build.0 = Release|ARM
		{05CB8975-6077-4799-A6BE-57E5640F9E66}.Release|ARM.Deploy.0 = Release|ARM
		{05CB8975-6077-4799-A6BE-57E5640F9E66}.Release|iPhone.ActiveCfg = Release|x86
		{05CB8975-6077-4799-A6BE-57E5640F9E66}.Release|iPhoneSimulator.ActiveCfg = Release|x86
		{05CB8975-6077-4799-A6BE-57E5640F9E66}.Release|x64.ActiveCfg = Release|x64
		{05CB8975-6077-4799-A6BE-57E5640F9E66}.Release|x64.Build.0 = Release|x64
		{05CB8975-6077-4799-A6BE-57E5640F9E66}.Release|x64.Deploy.0 = Release|x64
		{05CB8975-6077-4799-A6BE-57E5640F9E66}.Release|x86.ActiveCfg = Release|x86
		{05CB8975-6077-4799-A6BE-57E5640F9E66}.Release|x86.Build.0 = Release|x86
		{05CB8975-6077-4799-A6BE-57E5640F9E66}.Release|x86.Deploy.0 = Release|x86
		{92974B09-E033-413F-86CD-AE0B58AD4B18}.Ad-Hoc|Any CPU.ActiveCfg = Debug|Any CPU
		{92974B09-E033-413F-86CD-AE0B58AD4B18}.Ad-Hoc|Any CPU.Build.0 = Debug|Any CPU
		{92974B09-E033-413F-86CD-AE0B58AD4B18}.Ad-Hoc|ARM.ActiveCfg = Debug|Any CPU
		{92974B09-E033-413F-86CD-AE0B58AD4B18}.Ad-Hoc|ARM.Build.0 = Debug|Any CPU
		{92974B09-E033-413F-86CD-AE0B58AD4B18}.Ad-Hoc|iPhone.ActiveCfg = Debug|Any CPU
		{92974B09-E033-413F-86CD-AE0B58AD4B18}.Ad-Hoc|iPhone.Build.0 = Debug|Any CPU
		{92974B09-E033-413F-86CD-AE0B58AD4B18}.Ad-Hoc|iPhoneSimulator.ActiveCfg = Debug|Any CPU
		{92974B09-E033-413F-86CD-AE0B58AD4B18}.Ad-Hoc|iPhoneSimulator.Build.0 = Debug|Any CPU
		{92974B09-E033-413F-86CD-AE0B58AD4B18}.Ad-Hoc|x64.ActiveCfg = Debug|Any CPU
		{92974B09-E033-413F-86CD-AE0B58AD4B18}.Ad-Hoc|x64.Build.0 = Debug|Any CPU
		{92974B09-E033-413F-86CD-AE0B58AD4B18}.Ad-Hoc|x86.ActiveCfg = Debug|Any CPU
		{92974B09-E033-413F-86CD-AE0B58AD4B18}.Ad-Hoc|x86.Build.0 = Debug|Any CPU
		{92974B09-E033-413F-86CD-AE0B58AD4B18}.AppStore|Any CPU.ActiveCfg = Debug|Any CPU
		{92974B09-E033-413F-86CD-AE0B58AD4B18}.AppStore|Any CPU.Build.0 = Debug|Any CPU
		{92974B09-E033-413F-86CD-AE0B58AD4B18}.AppStore|ARM.ActiveCfg = Debug|Any CPU
		{92974B09-E033-413F-86CD-AE0B58AD4B18}.AppStore|ARM.Build.0 = Debug|Any CPU
		{92974B09-E033-413F-86CD-AE0B58AD4B18}.AppStore|iPhone.ActiveCfg = Debug|Any CPU
		{92974B09-E033-413F-86CD-AE0B58AD4B18}.AppStore|iPhone.Build.0 = Debug|Any CPU
		{92974B09-E033-413F-86CD-AE0B58AD4B18}.AppStore|iPhoneSimulator.ActiveCfg = Debug|Any CPU
		{92974B09-E033-413F-86CD-AE0B58AD4B18}.AppStore|iPhoneSimulator.Build.0 = Debug|Any CPU
		{92974B09-E033-413F-86CD-AE0B58AD4B18}.AppStore|x64.ActiveCfg = Debug|Any CPU
		{92974B09-E033-413F-86CD-AE0B58AD4B18}.AppStore|x64.Build.0 = Debug|Any CPU
		{92974B09-E033-413F-86CD-AE0B58AD4B18}.AppStore|x86.ActiveCfg = Debug|Any CPU
		{92974B09-E033-413F-86CD-AE0B58AD4B18}.AppStore|x86.Build.0 = Debug|Any CPU
		{92974B09-E033-413F-86CD-AE0B58AD4B18}.Debug|Any CPU.ActiveCfg = Debug|Any CPU
		{92974B09-E033-413F-86CD-AE0B58AD4B18}.Debug|Any CPU.Build.0 = Debug|Any CPU
		{92974B09-E033-413F-86CD-AE0B58AD4B18}.Debug|ARM.ActiveCfg = Debug|Any CPU
		{92974B09-E033-413F-86CD-AE0B58AD4B18}.Debug|ARM.Build.0 = Debug|Any CPU
		{92974B09-E033-413F-86CD-AE0B58AD4B18}.Debug|iPhone.ActiveCfg = Debug|Any CPU
		{92974B09-E033-413F-86CD-AE0B58AD4B18}.Debug|iPhone.Build.0 = Debug|Any CPU
		{92974B09-E033-413F-86CD-AE0B58AD4B18}.Debug|iPhoneSimulator.ActiveCfg = Debug|Any CPU
		{92974B09-E033-413F-86CD-AE0B58AD4B18}.Debug|iPhoneSimulator.Build.0 = Debug|Any CPU
		{92974B09-E033-413F-86CD-AE0B58AD4B18}.Debug|x64.ActiveCfg = Debug|Any CPU
		{92974B09-E033-413F-86CD-AE0B58AD4B18}.Debug|x64.Build.0 = Debug|Any CPU
		{92974B09-E033-413F-86CD-AE0B58AD4B18}.Debug|x86.ActiveCfg = Debug|Any CPU
		{92974B09-E033-413F-86CD-AE0B58AD4B18}.Debug|x86.Build.0 = Debug|Any CPU
		{92974B09-E033-413F-86CD-AE0B58AD4B18}.Release|Any CPU.ActiveCfg = Release|Any CPU
		{92974B09-E033-413F-86CD-AE0B58AD4B18}.Release|Any CPU.Build.0 = Release|Any CPU
		{92974B09-E033-413F-86CD-AE0B58AD4B18}.Release|ARM.ActiveCfg = Release|Any CPU
		{92974B09-E033-413F-86CD-AE0B58AD4B18}.Release|ARM.Build.0 = Release|Any CPU
		{92974B09-E033-413F-86CD-AE0B58AD4B18}.Release|iPhone.ActiveCfg = Release|Any CPU
		{92974B09-E033-413F-86CD-AE0B58AD4B18}.Release|iPhone.Build.0 = Release|Any CPU
		{92974B09-E033-413F-86CD-AE0B58AD4B18}.Release|iPhoneSimulator.ActiveCfg = Release|Any CPU
		{92974B09-E033-413F-86CD-AE0B58AD4B18}.Release|iPhoneSimulator.Build.0 = Release|Any CPU
		{92974B09-E033-413F-86CD-AE0B58AD4B18}.Release|x64.ActiveCfg = Release|Any CPU
		{92974B09-E033-413F-86CD-AE0B58AD4B18}.Release|x64.Build.0 = Release|Any CPU
		{92974B09-E033-413F-86CD-AE0B58AD4B18}.Release|x86.ActiveCfg = Release|Any CPU
		{92974B09-E033-413F-86CD-AE0B58AD4B18}.Release|x86.Build.0 = Release|Any CPU
	EndGlobalSection
	GlobalSection(SolutionProperties) = preSolution
		HideSolutionNode = FALSE
	EndGlobalSection
	GlobalSection(ExtensibilityGlobals) = postSolution
		SolutionGuid = {52D283D9-07D2-485C-8997-02D979BB5FB5}
	EndGlobalSection
EndGlobal
